
Microsoft Visual Studio Solution File, Format Version 12.00
# Visual Studio Version 16
Project("{2150E333-8FDC-42A3-9474-1A3956D46DE8}") = "CMakePredefinedTargets", "CMakePredefinedTargets", "{F86D4435-D4F2-37FF-8AB3-84F062FCE771}"
EndProject
Project("{2150E333-8FDC-42A3-9474-1A3956D46DE8}") = "External", "External", "{2AF07CEA-64E5-32EF-87EF-4AC4F82F4A70}"
EndProject
Project("{2150E333-8FDC-42A3-9474-1A3956D46DE8}") = "Internal", "Internal", "{090E72B4-D67B-3B90-87C5-702D977EFFC6}"
EndProject
Project("{8BC9CEB8-8B4A-11D0-8D11-00A0C91BC942}") = "ALL_BUILD", "ALL_BUILD.vcxproj", "{38A1848C-F487-3812-A6F9-1D21765A4970}"
	ProjectSection(ProjectDependencies) = postProject
		{EB5B3540-A8A9-3472-B914-68A0F4F44A51} = {EB5B3540-A8A9-3472-B914-68A0F4F44A51}
		{F2EE60F4-289D-3BDC-ABAA-028EEE251699} = {F2EE60F4-289D-3BDC-ABAA-028EEE251699}
		{415AABC4-AE50-3381-B740-268F5BFE845B} = {415AABC4-AE50-3381-B740-268F5BFE845B}
		{E3A82E72-FBBD-3653-8E38-5A3F5A447179} = {E3A82E72-FBBD-3653-8E38-5A3F5A447179}
		{45CC53C2-F538-3FDE-BE09-72F145DCE9A6} = {45CC53C2-F538-3FDE-BE09-72F145DCE9A6}
		{73C76B3E-57EA-3016-85F2-C11BEDC08A7A} = {73C76B3E-57EA-3016-85F2-C11BEDC08A7A}
		{78F510C5-378F-3131-BE88-6FD97C890C3E} = {78F510C5-378F-3131-BE88-6FD97C890C3E}
		{C38A8759-2B40-3102-9E09-C59F86AE55F2} = {C38A8759-2B40-3102-9E09-C59F86AE55F2}
		{5A36C444-D8C6-347B-9748-D8F5126D756C} = {5A36C444-D8C6-347B-9748-D8F5126D756C}
		{6259996F-3D6A-3BDA-8587-407D81AAA41F} = {6259996F-3D6A-3BDA-8587-407D81AAA41F}
		{610B024F-CBB1-3480-8FB3-536D3F2361D6} = {610B024F-CBB1-3480-8FB3-536D3F2361D6}
		{1D84F58A-9BD9-3C7E-98C9-957C1EB4239C} = {1D84F58A-9BD9-3C7E-98C9-957C1EB4239C}
		{E9CC98F1-5D39-3D18-808C-69C62C577567} = {E9CC98F1-5D39-3D18-808C-69C62C577567}
	EndProjectSection
EndProject
Project("{8BC9CEB8-8B4A-11D0-8D11-00A0C91BC942}") = "ZERO_CHECK", "..\..\..\\ZERO_CHECK.vcxproj", "{EB5B3540-A8A9-3472-B914-68A0F4F44A51}"
	ProjectSection(ProjectDependencies) = postProject
	EndProjectSection
EndProject
Project("{8BC9CEB8-8B4A-11D0-8D11-00A0C91BC942}") = "cocos2d", "cocos2d.vcxproj", "{F2EE60F4-289D-3BDC-ABAA-028EEE251699}"
	ProjectSection(ProjectDependencies) = postProject
		{EB5B3540-A8A9-3472-B914-68A0F4F44A51} = {EB5B3540-A8A9-3472-B914-68A0F4F44A51}
		{415AABC4-AE50-3381-B740-268F5BFE845B} = {415AABC4-AE50-3381-B740-268F5BFE845B}
		{E3A82E72-FBBD-3653-8E38-5A3F5A447179} = {E3A82E72-FBBD-3653-8E38-5A3F5A447179}
		{45CC53C2-F538-3FDE-BE09-72F145DCE9A6} = {45CC53C2-F538-3FDE-BE09-72F145DCE9A6}
		{73C76B3E-57EA-3016-85F2-C11BEDC08A7A} = {73C76B3E-57EA-3016-85F2-C11BEDC08A7A}
		{78F510C5-378F-3131-BE88-6FD97C890C3E} = {78F510C5-378F-3131-BE88-6FD97C890C3E}
		{C38A8759-2B40-3102-9E09-C59F86AE55F2} = {C38A8759-2B40-3102-9E09-C59F86AE55F2}
		{5A36C444-D8C6-347B-9748-D8F5126D756C} = {5A36C444-D8C6-347B-9748-D8F5126D756C}
		{6259996F-3D6A-3BDA-8587-407D81AAA41F} = {6259996F-3D6A-3BDA-8587-407D81AAA41F}
		{610B024F-CBB1-3480-8FB3-536D3F2361D6} = {610B024F-CBB1-3480-8FB3-536D3F2361D6}
		{1D84F58A-9BD9-3C7E-98C9-957C1EB4239C} = {1D84F58A-9BD9-3C7E-98C9-957C1EB4239C}
		{E9CC98F1-5D39-3D18-808C-69C62C577567} = {E9CC98F1-5D39-3D18-808C-69C62C577567}
	EndProjectSection
EndProject
Project("{8BC9CEB8-8B4A-11D0-8D11-00A0C91BC942}") = "ext_clipper", "..\..\external\clipper\ext_clipper.vcxproj", "{415AABC4-AE50-3381-B740-268F5BFE845B}"
	ProjectSection(ProjectDependencies) = postProject
		{EB5B3540-A8A9-3472-B914-68A0F4F44A51} = {EB5B3540-A8A9-3472-B914-68A0F4F44A51}
	EndProjectSection
EndProject
Project("{8BC9CEB8-8B4A-11D0-8D11-00A0C91BC942}") = "ext_convertUTF", "..\..\external\ConvertUTF\ext_convertUTF.vcxproj", "{E3A82E72-FBBD-3653-8E38-5A3F5A447179}"
	ProjectSection(ProjectDependencies) = postProject
		{EB5B3540-A8A9-3472-B914-68A0F4F44A51} = {EB5B3540-A8A9-3472-B914-68A0F4F44A51}
	EndProjectSection
EndProject
Project("{8BC9CEB8-8B4A-11D0-8D11-00A0C91BC942}") = "ext_edtaa3func", "..\..\external\edtaa3func\ext_edtaa3func.vcxproj", "{45CC53C2-F538-3FDE-BE09-72F145DCE9A6}"
	ProjectSection(ProjectDependencies) = postProject
		{EB5B3540-A8A9-3472-B914-68A0F4F44A51} = {EB5B3540-A8A9-3472-B914-68A0F4F44A51}
	EndProjectSection
EndProject
Project("{8BC9CEB8-8B4A-11D0-8D11-00A0C91BC942}") = "ext_md5", "..\..\external\md5\ext_md5.vcxproj", "{73C76B3E-57EA-3016-85F2-C11BEDC08A7A}"
	ProjectSection(ProjectDependencies) = postProject
		{EB5B3540-A8A9-3472-B914-68A0F4F44A51} = {EB5B3540-A8A9-3472-B914-68A0F4F44A51}
	EndProjectSection
EndProject
Project("{8BC9CEB8-8B4A-11D0-8D11-00A0C91BC942}") = "ext_poly2tri", "..\..\external\poly2tri\ext_poly2tri.vcxproj", "{78F510C5-378F-3131-BE88-6FD97C890C3E}"
	ProjectSection(ProjectDependencies) = postProject
		{EB5B3540-A8A9-3472-B914-68A0F4F44A51} = {EB5B3540-A8A9-3472-B914-68A0F4F44A51}
	EndProjectSection
EndProject
Project("{8BC9CEB8-8B4A-11D0-8D11-00A0C91BC942}") = "ext_recast", "..\..\external\recast\ext_recast.vcxproj", "{C38A8759-2B40-3102-9E09-C59F86AE55F2}"
	ProjectSection(ProjectDependencies) = postProject
		{EB5B3540-A8A9-3472-B914-68A0F4F44A51} = {EB5B3540-A8A9-3472-B914-68A0F4F44A51}
	EndProjectSection
EndProject
Project("{8BC9CEB8-8B4A-11D0-8D11-00A0C91BC942}") = "ext_tinyxml2", "..\..\external\tinyxml2\ext_tinyxml2.vcxproj", "{5A36C444-D8C6-347B-9748-D8F5126D756C}"
	ProjectSection(ProjectDependencies) = postProject
		{EB5B3540-A8A9-3472-B914-68A0F4F44A51} = {EB5B3540-A8A9-3472-B914-68A0F4F44A51}
	EndProjectSection
EndProject
Project("{8BC9CEB8-8B4A-11D0-8D11-00A0C91BC942}") = "ext_unzip", "..\..\external\unzip\ext_unzip.vcxproj", "{6259996F-3D6A-3BDA-8587-407D81AAA41F}"
	ProjectSection(ProjectDependencies) = postProject
		{EB5B3540-A8A9-3472-B914-68A0F4F44A51} = {EB5B3540-A8A9-3472-B914-68A0F4F44A51}
	EndProjectSection
EndProject
Project("{8BC9CEB8-8B4A-11D0-8D11-00A0C91BC942}") = "ext_xxhash", "..\..\external\xxhash\ext_xxhash.vcxproj", "{610B024F-CBB1-3480-8FB3-536D3F2361D6}"
	ProjectSection(ProjectDependencies) = postProject
		{EB5B3540-A8A9-3472-B914-68A0F4F44A51} = {EB5B3540-A8A9-3472-B914-68A0F4F44A51}
	EndProjectSection
EndProject
Project("{8BC9CEB8-8B4A-11D0-8D11-00A0C91BC942}") = "ext_xxtea", "..\..\external\xxtea\ext_xxtea.vcxproj", "{1D84F58A-9BD9-3C7E-98C9-957C1EB4239C}"
	ProjectSection(ProjectDependencies) = postProject
		{EB5B3540-A8A9-3472-B914-68A0F4F44A51} = {EB5B3540-A8A9-3472-B914-68A0F4F44A51}
	EndProjectSection
EndProject
Project("{8BC9CEB8-8B4A-11D0-8D11-00A0C91BC942}") = "external", "..\..\external\external.vcxproj", "{E9CC98F1-5D39-3D18-808C-69C62C577567}"
	ProjectSection(ProjectDependencies) = postProject
		{EB5B3540-A8A9-3472-B914-68A0F4F44A51} = {EB5B3540-A8A9-3472-B914-68A0F4F44A51}
		{415AABC4-AE50-3381-B740-268F5BFE845B} = {415AABC4-AE50-3381-B740-268F5BFE845B}
		{E3A82E72-FBBD-3653-8E38-5A3F5A447179} = {E3A82E72-FBBD-3653-8E38-5A3F5A447179}
		{45CC53C2-F538-3FDE-BE09-72F145DCE9A6} = {45CC53C2-F538-3FDE-BE09-72F145DCE9A6}
		{73C76B3E-57EA-3016-85F2-C11BEDC08A7A} = {73C76B3E-57EA-3016-85F2-C11BEDC08A7A}
		{78F510C5-378F-3131-BE88-6FD97C890C3E} = {78F510C5-378F-3131-BE88-6FD97C890C3E}
		{C38A8759-2B40-3102-9E09-C59F86AE55F2} = {C38A8759-2B40-3102-9E09-C59F86AE55F2}
		{5A36C444-D8C6-347B-9748-D8F5126D756C} = {5A36C444-D8C6-347B-9748-D8F5126D756C}
		{6259996F-3D6A-3BDA-8587-407D81AAA41F} = {6259996F-3D6A-3BDA-8587-407D81AAA41F}
		{610B024F-CBB1-3480-8FB3-536D3F2361D6} = {610B024F-CBB1-3480-8FB3-536D3F2361D6}
		{1D84F58A-9BD9-3C7E-98C9-957C1EB4239C} = {1D84F58A-9BD9-3C7E-98C9-957C1EB4239C}
	EndProjectSection
EndProject
Global
	GlobalSection(SolutionConfigurationPlatforms) = preSolution
		Debug|Win32 = Debug|Win32
		Release|Win32 = Release|Win32
		MinSizeRel|Win32 = MinSizeRel|Win32
		RelWithDebInfo|Win32 = RelWithDebInfo|Win32
	EndGlobalSection
	GlobalSection(ProjectConfigurationPlatforms) = postSolution
		{38A1848C-F487-3812-A6F9-1D21765A4970}.Debug|Win32.ActiveCfg = Debug|Win32
		{38A1848C-F487-3812-A6F9-1D21765A4970}.Release|Win32.ActiveCfg = Release|Win32
		{38A1848C-F487-3812-A6F9-1D21765A4970}.MinSizeRel|Win32.ActiveCfg = MinSizeRel|Win32
		{38A1848C-F487-3812-A6F9-1D21765A4970}.RelWithDebInfo|Win32.ActiveCfg = RelWithDebInfo|Win32
		{EB5B3540-A8A9-3472-B914-68A0F4F44A51}.Debug|Win32.ActiveCfg = Debug|Win32
		{EB5B3540-A8A9-3472-B914-68A0F4F44A51}.Debug|Win32.Build.0 = Debug|Win32
		{EB5B3540-A8A9-3472-B914-68A0F4F44A51}.Release|Win32.ActiveCfg = Release|Win32
		{EB5B3540-A8A9-3472-B914-68A0F4F44A51}.Release|Win32.Build.0 = Release|Win32
		{EB5B3540-A8A9-3472-B914-68A0F4F44A51}.MinSizeRel|Win32.ActiveCfg = MinSizeRel|Win32
		{EB5B3540-A8A9-3472-B914-68A0F4F44A51}.MinSizeRel|Win32.Build.0 = MinSizeRel|Win32
		{EB5B3540-A8A9-3472-B914-68A0F4F44A51}.RelWithDebInfo|Win32.ActiveCfg = RelWithDebInfo|Win32
		{EB5B3540-A8A9-3472-B914-68A0F4F44A51}.RelWithDebInfo|Win32.Build.0 = RelWithDebInfo|Win32
		{F2EE60F4-289D-3BDC-ABAA-028EEE251699}.Debug|Win32.ActiveCfg = Debug|Win32
		{F2EE60F4-289D-3BDC-ABAA-028EEE251699}.Debug|Win32.Build.0 = Debug|Win32
		{F2EE60F4-289D-3BDC-ABAA-028EEE251699}.Release|Win32.ActiveCfg = Release|Win32
		{F2EE60F4-289D-3BDC-ABAA-028EEE251699}.Release|Win32.Build.0 = Release|Win32
		{F2EE60F4-289D-3BDC-ABAA-028EEE251699}.MinSizeRel|Win32.ActiveCfg = MinSizeRel|Win32
		{F2EE60F4-289D-3BDC-ABAA-028EEE251699}.MinSizeRel|Win32.Build.0 = MinSizeRel|Win32
		{F2EE60F4-289D-3BDC-ABAA-028EEE251699}.RelWithDebInfo|Win32.ActiveCfg = RelWithDebInfo|Win32
		{F2EE60F4-289D-3BDC-ABAA-028EEE251699}.RelWithDebInfo|Win32.Build.0 = RelWithDebInfo|Win32
		{415AABC4-AE50-3381-B740-268F5BFE845B}.Debug|Win32.ActiveCfg = Debug|Win32
		{415AABC4-AE50-3381-B740-268F5BFE845B}.Debug|Win32.Build.0 = Debug|Win32
		{415AABC4-AE50-3381-B740-268F5BFE845B}.Release|Win32.ActiveCfg = Release|Win32
		{415AABC4-AE50-3381-B740-268F5BFE845B}.Release|Win32.Build.0 = Release|Win32
		{415AABC4-AE50-3381-B740-268F5BFE845B}.MinSizeRel|Win32.ActiveCfg = MinSizeRel|Win32
		{415AABC4-AE50-3381-B740-268F5BFE845B}.MinSizeRel|Win32.Build.0 = MinSizeRel|Win32
		{415AABC4-AE50-3381-B740-268F5BFE845B}.RelWithDebInfo|Win32.ActiveCfg = RelWithDebInfo|Win32
		{415AABC4-AE50-3381-B740-268F5BFE845B}.RelWithDebInfo|Win32.Build.0 = RelWithDebInfo|Win32
		{E3A82E72-FBBD-3653-8E38-5A3F5A447179}.Debug|Win32.ActiveCfg = Debug|Win32
		{E3A82E72-FBBD-3653-8E38-5A3F5A447179}.Debug|Win32.Build.0 = Debug|Win32
		{E3A82E72-FBBD-3653-8E38-5A3F5A447179}.Release|Win32.ActiveCfg = Release|Win32
		{E3A82E72-FBBD-3653-8E38-5A3F5A447179}.Release|Win32.Build.0 = Release|Win32
		{E3A82E72-FBBD-3653-8E38-5A3F5A447179}.MinSizeRel|Win32.ActiveCfg = MinSizeRel|Win32
		{E3A82E72-FBBD-3653-8E38-5A3F5A447179}.MinSizeRel|Win32.Build.0 = MinSizeRel|Win32
		{E3A82E72-FBBD-3653-8E38-5A3F5A447179}.RelWithDebInfo|Win32.ActiveCfg = RelWithDebInfo|Win32
		{E3A82E72-FBBD-3653-8E38-5A3F5A447179}.RelWithDebInfo|Win32.Build.0 = RelWithDebInfo|Win32
		{45CC53C2-F538-3FDE-BE09-72F145DCE9A6}.Debug|Win32.ActiveCfg = Debug|Win32
		{45CC53C2-F538-3FDE-BE09-72F145DCE9A6}.Debug|Win32.Build.0 = Debug|Win32
		{45CC53C2-F538-3FDE-BE09-72F145DCE9A6}.Release|Win32.ActiveCfg = Release|Win32
		{45CC53C2-F538-3FDE-BE09-72F145DCE9A6}.Release|Win32.Build.0 = Release|Win32
		{45CC53C2-F538-3FDE-BE09-72F145DCE9A6}.MinSizeRel|Win32.ActiveCfg = MinSizeRel|Win32
		{45CC53C2-F538-3FDE-BE09-72F145DCE9A6}.MinSizeRel|Win32.Build.0 = MinSizeRel|Win32
		{45CC53C2-F538-3FDE-BE09-72F145DCE9A6}.RelWithDebInfo|Win32.ActiveCfg = RelWithDebInfo|Win32
		{45CC53C2-F538-3FDE-BE09-72F145DCE9A6}.RelWithDebInfo|Win32.Build.0 = RelWithDebInfo|Win32
		{73C76B3E-57EA-3016-85F2-C11BEDC08A7A}.Debug|Win32.ActiveCfg = Debug|Win32
		{73C76B3E-57EA-3016-85F2-C11BEDC08A7A}.Debug|Win32.Build.0 = Debug|Win32
		{73C76B3E-57EA-3016-85F2-C11BEDC08A7A}.Release|Win32.ActiveCfg = Release|Win32
		{73C76B3E-57EA-3016-85F2-C11BEDC08A7A}.Release|Win32.Build.0 = Release|Win32
		{73C76B3E-57EA-3016-85F2-C11BEDC08A7A}.MinSizeRel|Win32.ActiveCfg = MinSizeRel|Win32
		{73C76B3E-57EA-3016-85F2-C11BEDC08A7A}.MinSizeRel|Win32.Build.0 = MinSizeRel|Win32
		{73C76B3E-57EA-3016-85F2-C11BEDC08A7A}.RelWithDebInfo|Win32.ActiveCfg = RelWithDebInfo|Win32
		{73C76B3E-57EA-3016-85F2-C11BEDC08A7A}.RelWithDebInfo|Win32.Build.0 = RelWithDebInfo|Win32
		{78F510C5-378F-3131-BE88-6FD97C890C3E}.Debug|Win32.ActiveCfg = Debug|Win32
		{78F510C5-378F-3131-BE88-6FD97C890C3E}.Debug|Win32.Build.0 = Debug|Win32
		{78F510C5-378F-3131-BE88-6FD97C890C3E}.Release|Win32.ActiveCfg = Release|Win32
		{78F510C5-378F-3131-BE88-6FD97C890C3E}.Release|Win32.Build.0 = Release|Win32
		{78F510C5-378F-3131-BE88-6FD97C890C3E}.MinSizeRel|Win32.ActiveCfg = MinSizeRel|Win32
		{78F510C5-378F-3131-BE88-6FD97C890C3E}.MinSizeRel|Win32.Build.0 = MinSizeRel|Win32
		{78F510C5-378F-3131-BE88-6FD97C890C3E}.RelWithDebInfo|Win32.ActiveCfg = RelWithDebInfo|Win32
		{78F510C5-378F-3131-BE88-6FD97C890C3E}.RelWithDebInfo|Win32.Build.0 = RelWithDebInfo|Win32
		{C38A8759-2B40-3102-9E09-C59F86AE55F2}.Debug|Win32.ActiveCfg = Debug|Win32
		{C38A8759-2B40-3102-9E09-C59F86AE55F2}.Debug|Win32.Build.0 = Debug|Win32
		{C38A8759-2B40-3102-9E09-C59F86AE55F2}.Release|Win32.ActiveCfg = Release|Win32
		{C38A8759-2B40-3102-9E09-C59F86AE55F2}.Release|Win32.Build.0 = Release|Win32
		{C38A8759-2B40-3102-9E09-C59F86AE55F2}.MinSizeRel|Win32.ActiveCfg = MinSizeRel|Win32
		{C38A8759-2B40-3102-9E09-C59F86AE55F2}.MinSizeRel|Win32.Build.0 = MinSizeRel|Win32
		{C38A8759-2B40-3102-9E09-C59F86AE55F2}.RelWithDebInfo|Win32.ActiveCfg = RelWithDebInfo|Win32
		{C38A8759-2B40-3102-9E09-C59F86AE55F2}.RelWithDebInfo|Win32.Build.0 = RelWithDebInfo|Win32
		{5A36C444-D8C6-347B-9748-D8F5126D756C}.Debug|Win32.ActiveCfg = Debug|Win32
		{5A36C444-D8C6-347B-9748-D8F5126D756C}.Debug|Win32.Build.0 = Debug|Win32
		{5A36C444-D8C6-347B-9748-D8F5126D756C}.Release|Win32.ActiveCfg = Release|Win32
		{5A36C444-D8C6-347B-9748-D8F5126D756C}.Release|Win32.Build.0 = Release|Win32
		{5A36C444-D8C6-347B-9748-D8F5126D756C}.MinSizeRel|Win32.ActiveCfg = MinSizeRel|Win32
		{5A36C444-D8C6-347B-9748-D8F5126D756C}.MinSizeRel|Win32.Build.0 = MinSizeRel|Win32
		{5A36C444-D8C6-347B-9748-D8F5126D756C}.RelWithDebInfo|Win32.ActiveCfg = RelWithDebInfo|Win32
		{5A36C444-D8C6-347B-9748-D8F5126D756C}.RelWithDebInfo|Win32.Build.0 = RelWithDebInfo|Win32
		{6259996F-3D6A-3BDA-8587-407D81AAA41F}.Debug|Win32.ActiveCfg = Debug|Win32
		{6259996F-3D6A-3BDA-8587-407D81AAA41F}.Debug|Win32.Build.0 = Debug|Win32
		{6259996F-3D6A-3BDA-8587-407D81AAA41F}.Release|Win32.ActiveCfg = Release|Win32
		{6259996F-3D6A-3BDA-8587-407D81AAA41F}.Release|Win32.Build.0 = Release|Win32
		{6259996F-3D6A-3BDA-8587-407D81AAA41F}.MinSizeRel|Win32.ActiveCfg = MinSizeRel|Win32
		{6259996F-3D6A-3BDA-8587-407D81AAA41F}.MinSizeRel|Win32.Build.0 = MinSizeRel|Win32
		{6259996F-3D6A-3BDA-8587-407D81AAA41F}.RelWithDebInfo|Win32.ActiveCfg = RelWithDebInfo|Win32
		{6259996F-3D6A-3BDA-8587-407D81AAA41F}.RelWithDebInfo|Win32.Build.0 = RelWithDebInfo|Win32
		{610B024F-CBB1-3480-8FB3-536D3F2361D6}.Debug|Win32.ActiveCfg = Debug|Win32
		{610B024F-CBB1-3480-8FB3-536D3F2361D6}.Debug|Win32.Build.0 = Debug|Win32
		{610B024F-CBB1-3480-8FB3-536D3F2361D6}.Release|Win32.ActiveCfg = Release|Win32
		{610B024F-CBB1-3480-8FB3-536D3F2361D6}.Release|Win32.Build.0 = Release|Win32
		{610B024F-CBB1-3480-8FB3-536D3F2361D6}.MinSizeRel|Win32.ActiveCfg = MinSizeRel|Win32
		{610B024F-CBB1-3480-8FB3-536D3F2361D6}.MinSizeRel|Win32.Build.0 = MinSizeRel|Win32
		{610B024F-CBB1-3480-8FB3-536D3F2361D6}.RelWithDebInfo|Win32.ActiveCfg = RelWithDebInfo|Win32
		{610B024F-CBB1-3480-8FB3-536D3F2361D6}.RelWithDebInfo|Win32.Build.0 = RelWithDebInfo|Win32
		{1D84F58A-9BD9-3C7E-98C9-957C1EB4239C}.Debug|Win32.ActiveCfg = Debug|Win32
		{1D84F58A-9BD9-3C7E-98C9-957C1EB4239C}.Debug|Win32.Build.0 = Debug|Win32
		{1D84F58A-9BD9-3C7E-98C9-957C1EB4239C}.Release|Win32.ActiveCfg = Release|Win32
		{1D84F58A-9BD9-3C7E-98C9-957C1EB4239C}.Release|Win32.Build.0 = Release|Win32
		{1D84F58A-9BD9-3C7E-98C9-957C1EB4239C}.MinSizeRel|Win32.ActiveCfg = MinSizeRel|Win32
		{1D84F58A-9BD9-3C7E-98C9-957C1EB4239C}.MinSizeRel|Win32.Build.0 = MinSizeRel|Win32
		{1D84F58A-9BD9-3C7E-98C9-957C1EB4239C}.RelWithDebInfo|Win32.ActiveCfg = RelWithDebInfo|Win32
		{1D84F58A-9BD9-3C7E-98C9-957C1EB4239C}.RelWithDebInfo|Win32.Build.0 = RelWithDebInfo|Win32
		{E9CC98F1-5D39-3D18-808C-69C62C577567}.Debug|Win32.ActiveCfg = Debug|Win32
		{E9CC98F1-5D39-3D18-808C-69C62C577567}.Debug|Win32.Build.0 = Debug|Win32
		{E9CC98F1-5D39-3D18-808C-69C62C577567}.Release|Win32.ActiveCfg = Release|Win32
		{E9CC98F1-5D39-3D18-808C-69C62C577567}.Release|Win32.Build.0 = Release|Win32
		{E9CC98F1-5D39-3D18-808C-69C62C577567}.MinSizeRel|Win32.ActiveCfg = MinSizeRel|Win32
		{E9CC98F1-5D39-3D18-808C-69C62C577567}.MinSizeRel|Win32.Build.0 = MinSizeRel|Win32
		{E9CC98F1-5D39-3D18-808C-69C62C577567}.RelWithDebInfo|Win32.ActiveCfg = RelWithDebInfo|Win32
		{E9CC98F1-5D39-3D18-808C-69C62C577567}.RelWithDebInfo|Win32.Build.0 = RelWithDebInfo|Win32
	EndGlobalSection
	GlobalSection(NestedProjects) = preSolution
		{38A1848C-F487-3812-A6F9-1D21765A4970} = {F86D4435-D4F2-37FF-8AB3-84F062FCE771}
		{EB5B3540-A8A9-3472-B914-68A0F4F44A51} = {F86D4435-D4F2-37FF-8AB3-84F062FCE771}
		{415AABC4-AE50-3381-B740-268F5BFE845B} = {2AF07CEA-64E5-32EF-87EF-4AC4F82F4A70}
		{E3A82E72-FBBD-3653-8E38-5A3F5A447179} = {2AF07CEA-64E5-32EF-87EF-4AC4F82F4A70}
		{45CC53C2-F538-3FDE-BE09-72F145DCE9A6} = {2AF07CEA-64E5-32EF-87EF-4AC4F82F4A70}
		{73C76B3E-57EA-3016-85F2-C11BEDC08A7A} = {2AF07CEA-64E5-32EF-87EF-4AC4F82F4A70}
		{78F510C5-378F-3131-BE88-6FD97C890C3E} = {2AF07CEA-64E5-32EF-87EF-4AC4F82F4A70}
		{C38A8759-2B40-3102-9E09-C59F86AE55F2} = {2AF07CEA-64E5-32EF-87EF-4AC4F82F4A70}
		{5A36C444-D8C6-347B-9748-D8F5126D756C} = {2AF07CEA-64E5-32EF-87EF-4AC4F82F4A70}
		{6259996F-3D6A-3BDA-8587-407D81AAA41F} = {2AF07CEA-64E5-32EF-87EF-4AC4F82F4A70}
		{610B024F-CBB1-3480-8FB3-536D3F2361D6} = {2AF07CEA-64E5-32EF-87EF-4AC4F82F4A70}
		{1D84F58A-9BD9-3C7E-98C9-957C1EB4239C} = {2AF07CEA-64E5-32EF-87EF-4AC4F82F4A70}
		{E9CC98F1-5D39-3D18-808C-69C62C577567} = {2AF07CEA-64E5-32EF-87EF-4AC4F82F4A70}
		{F2EE60F4-289D-3BDC-ABAA-028EEE251699} = {090E72B4-D67B-3B90-87C5-702D977EFFC6}
	EndGlobalSection
	GlobalSection(ExtensibilityGlobals) = postSolution
		SolutionGuid = {F899E9A9-A892-392D-BE9F-CA2209E275D2}
	EndGlobalSection
	GlobalSection(ExtensibilityAddIns) = postSolution
	EndGlobalSection
EndGlobal
